// !$*UTF8*$!
{
	archiveVersion = 1;
	classes = {
	};
	objectVersion = 46;
	objects = {

/* Begin PBXBuildFile section */
		4B5579871AC040F300FD1C6D /* AppDelegate.swift in Sources */ = {isa = PBXBuildFile; fileRef = 4B5579861AC040F300FD1C6D /* AppDelegate.swift */; };
		4B5579891AC040F300FD1C6D /* ViewController.swift in Sources */ = {isa = PBXBuildFile; fileRef = 4B5579881AC040F300FD1C6D /* ViewController.swift */; };
		4B55798C1AC040F300FD1C6D /* Main.storyboard in Resources */ = {isa = PBXBuildFile; fileRef = 4B55798A1AC040F300FD1C6D /* Main.storyboard */; };
		4B55798E1AC040F300FD1C6D /* Images.xcassets in Resources */ = {isa = PBXBuildFile; fileRef = 4B55798D1AC040F300FD1C6D /* Images.xcassets */; };
		4B5579911AC040F300FD1C6D /* LaunchScreen.xib in Resources */ = {isa = PBXBuildFile; fileRef = 4B55798F1AC040F300FD1C6D /* LaunchScreen.xib */; };
		4B55799D1AC040F300FD1C6D /* GoogleMap_swiftTests.swift in Sources */ = {isa = PBXBuildFile; fileRef = 4B55799C1AC040F300FD1C6D /* GoogleMap_swiftTests.swift */; };
/* End PBXBuildFile section */

/* Begin PBXContainerItemProxy section */
		4B5579971AC040F300FD1C6D /* PBXContainerItemProxy */ = {
			isa = PBXContainerItemProxy;
			containerPortal = 4B5579791AC040F300FD1C6D /* Project object */;
			proxyType = 1;
			remoteGlobalIDString = 4B5579801AC040F300FD1C6D;
			remoteInfo = "GoogleMap-swift";
		};
/* End PBXContainerItemProxy section */

/* Begin PBXFileReference section */
		4B5579811AC040F300FD1C6D /* GoogleMap-swift.app */ = {isa = PBXFileReference; explicitFileType = wrapper.application; includeInIndex = 0; path = "GoogleMap-swift.app"; sourceTree = BUILT_PRODUCTS_DIR; };
		4B5579851AC040F300FD1C6D /* Info.plist */ = {isa = PBXFileReference; lastKnownFileType = text.plist.xml; path = Info.plist; sourceTree = "<group>"; };
		4B5579861AC040F300FD1C6D /* AppDelegate.swift */ = {isa = PBXFileReference; lastKnownFileType = sourcecode.swift; path = AppDelegate.swift; sourceTree = "<group>"; };
		4B5579881AC040F300FD1C6D /* ViewController.swift */ = {isa = PBXFileReference; lastKnownFileType = sourcecode.swift; path = ViewController.swift; sourceTree = "<group>"; };
		4B55798B1AC040F300FD1C6D /* Base */ = {isa = PBXFileReference; lastKnownFileType = file.storyboard; name = Base; path = Base.lproj/Main.storyboard; sourceTree = "<group>"; };
		4B55798D1AC040F300FD1C6D /* Images.xcassets */ = {isa = PBXFileReference; lastKnownFileType = folder.assetcatalog; path = Images.xcassets; sourceTree = "<group>"; };
		4B5579901AC040F300FD1C6D /* Base */ = {isa = PBXFileReference; lastKnownFileType = file.xib; name = Base; path = Base.lproj/LaunchScreen.xib; sourceTree = "<group>"; };
		4B5579961AC040F300FD1C6D /* GoogleMap-swiftTests.xctest */ = {isa = PBXFileReference; explicitFileType = wrapper.cfbundle; includeInIndex = 0; path = "GoogleMap-swiftTests.xctest"; sourceTree = BUILT_PRODUCTS_DIR; };
		4B55799B1AC040F300FD1C6D /* Info.plist */ = {isa = PBXFileReference; lastKnownFileType = text.plist.xml; path = Info.plist; sourceTree = "<group>"; };
		4B55799C1AC040F300FD1C6D /* GoogleMap_swiftTests.swift */ = {isa = PBXFileReference; lastKnownFileType = sourcecode.swift; path = GoogleMap_swiftTests.swift; sourceTree = "<group>"; };
		4B5579A61AC0411F00FD1C6D /* CoreData.framework */ = {isa = PBXFileReference; lastKnownFileType = wrapper.framework; name = CoreData.framework; path = System/Library/Frameworks/CoreData.framework; sourceTree = SDKROOT; };
/* End PBXFileReference section */

/* Begin PBXFrameworksBuildPhase section */
		4B55797E1AC040F300FD1C6D /* Frameworks */ = {
			isa = PBXFrameworksBuildPhase;
			buildActionMask = 2147483647;
			files = (
			);
			runOnlyForDeploymentPostprocessing = 0;
		};
		4B5579931AC040F300FD1C6D /* Frameworks */ = {
			isa = PBXFrameworksBuildPhase;
			buildActionMask = 2147483647;
			files = (
			);
			runOnlyForDeploymentPostprocessing = 0;
		};
/* End PBXFrameworksBuildPhase section */

/* Begin PBXGroup section */
		4B5579781AC040F300FD1C6D = {
			isa = PBXGroup;
			children = (
				4B5579A61AC0411F00FD1C6D /* CoreData.framework */,
				4B5579831AC040F300FD1C6D /* GoogleMap-swift */,
				4B5579991AC040F300FD1C6D /* GoogleMap-swiftTests */,
				4B5579821AC040F300FD1C6D /* Products */,
			);
			sourceTree = "<group>";
		};
		4B5579821AC040F300FD1C6D /* Products */ = {
			isa = PBXGroup;
			children = (
				4B5579811AC040F300FD1C6D /* GoogleMap-swift.app */,
				4B5579961AC040F300FD1C6D /* GoogleMap-swiftTests.xctest */,
			);
			name = Products;
			sourceTree = "<group>";
		};
		4B5579831AC040F300FD1C6D /* GoogleMap-swift */ = {
			isa = PBXGroup;
			children = (
				4B5579861AC040F300FD1C6D /* AppDelegate.swift */,
				4B5579881AC040F300FD1C6D /* ViewController.swift */,
				4B55798A1AC040F300FD1C6D /* Main.storyboard */,
				4B55798D1AC040F300FD1C6D /* Images.xcassets */,
				4B55798F1AC040F300FD1C6D /* LaunchScreen.xib */,
				4B5579841AC040F300FD1C6D /* Supporting Files */,
			);
			path = "GoogleMap-swift";
			sourceTree = "<group>";
		};
		4B5579841AC040F300FD1C6D /* Supporting Files */ = {
			isa = PBXGroup;
			children = (
				4B5579851AC040F300FD1C6D /* Info.plist */,
			);
			name = "Supporting Files";
			sourceTree = "<group>";
		};
		4B5579991AC040F300FD1C6D /* GoogleMap-swiftTests */ = {
			isa = PBXGroup;
			children = (
				4B55799C1AC040F300FD1C6D /* GoogleMap_swiftTests.swift */,
				4B55799A1AC040F300FD1C6D /* Supporting Files */,
			);
			path = "GoogleMap-swiftTests";
			sourceTree = "<group>";
		};
		4B55799A1AC040F300FD1C6D /* Supporting Files */ = {
			isa = PBXGroup;
			children = (
				4B55799B1AC040F300FD1C6D /* Info.plist */,
			);
			name = "Supporting Files";
			sourceTree = "<group>";
		};
/* End PBXGroup section */

/* Begin PBXNativeTarget section */
		4B5579801AC040F300FD1C6D /* GoogleMap-swift */ = {
			isa = PBXNativeTarget;
			buildConfigurationList = 4B5579A01AC040F300FD1C6D /* Build configuration list for PBXNativeTarget "GoogleMap-swift" */;
			buildPhases = (
				4B55797D1AC040F300FD1C6D /* Sources */,
				4B55797E1AC040F300FD1C6D /* Frameworks */,
				4B55797F1AC040F300FD1C6D /* Resources */,
			);
			buildRules = (
			);
			dependencies = (
			);
			name = "GoogleMap-swift";
			productName = "GoogleMap-swift";
			productReference = 4B5579811AC040F300FD1C6D /* GoogleMap-swift.app */;
			productType = "com.apple.product-type.application";
		};
		4B5579951AC040F300FD1C6D /* GoogleMap-swiftTests */ = {
			isa = PBXNativeTarget;
			buildConfigurationList = 4B5579A31AC040F300FD1C6D /* Build configuration list for PBXNativeTarget "GoogleMap-swiftTests" */;
			buildPhases = (
				4B5579921AC040F300FD1C6D /* Sources */,
				4B5579931AC040F300FD1C6D /* Frameworks */,
				4B5579941AC040F300FD1C6D /* Resources */,
			);
			buildRules = (
			);
			dependencies = (
				4B5579981AC040F300FD1C6D /* PBXTargetDependency */,
			);
			name = "GoogleMap-swiftTests";
			productName = "GoogleMap-swiftTests";
			productReference = 4B5579961AC040F300FD1C6D /* GoogleMap-swiftTests.xctest */;
			productType = "com.apple.product-type.bundle.unit-test";
		};
/* End PBXNativeTarget section */

/* Begin PBXProject section */
		4B5579791AC040F300FD1C6D /* Project object */ = {
			isa = PBXProject;
			attributes = {
				LastUpgradeCheck = 0620;
				ORGANIZATIONNAME = mycompany;
				TargetAttributes = {
					4B5579801AC040F300FD1C6D = {
						CreatedOnToolsVersion = 6.2;
					};
					4B5579951AC040F300FD1C6D = {
						CreatedOnToolsVersion = 6.2;
						TestTargetID = 4B5579801AC040F300FD1C6D;
					};
				};
			};
			buildConfigurationList = 4B55797C1AC040F300FD1C6D /* Build configuration list for PBXProject "GoogleMap-swift" */;
			compatibilityVersion = "Xcode 3.2";
			developmentRegion = English;
			hasScannedForEncodings = 0;
			knownRegions = (
				en,
				Base,
			);
			mainGroup = 4B5579781AC040F300FD1C6D;
			productRefGroup = 4B5579821AC040F300FD1C6D /* Products */;
			projectDirPath = "";
			projectRoot = "";
			targets = (
				4B5579801AC040F300FD1C6D /* GoogleMap-swift */,
				4B5579951AC040F300FD1C6D /* GoogleMap-swiftTests */,
			);
		};
/* End PBXProject section */

/* Begin PBXResourcesBuildPhase section */
		4B55797F1AC040F300FD1C6D /* Resources */ = {
			isa = PBXResourcesBuildPhase;
			buildActionMask = 2147483647;
			files = (
				4B55798C1AC040F300FD1C6D /* Main.storyboard in Resources */,
				4B5579911AC040F300FD1C6D /* LaunchScreen.xib in Resources */,
				4B55798E1AC040F300FD1C6D /* Images.xcassets in Resources */,
			);
			runOnlyForDeploymentPostprocessing = 0;
		};
		4B5579941AC040F300FD1C6D /* Resources */ = {
			isa = PBXResourcesBuildPhase;
			buildActionMask = 2147483647;
			files = (
			);
			runOnlyForDeploymentPostprocessing = 0;
		};
/* End PBXResourcesBuildPhase section */

/* Begin PBXSourcesBuildPhase section */
		4B55797D1AC040F300FD1C6D /* Sources */ = {
			isa = PBXSourcesBuildPhase;
			buildActionMask = 2147483647;
			files = (
				4B5579891AC040F300FD1C6D /* ViewController.swift in Sources */,
				4B5579871AC040F300FD1C6D /* AppDelegate.swift in Sources */,
			);
			runOnlyForDeploymentPostprocessing = 0;
		};
		4B5579921AC040F300FD1C6D /* Sources */ = {
			isa = PBXSourcesBuildPhase;
			buildActionMask = 2147483647;
			files = (
				4B55799D1AC040F300FD1C6D /* GoogleMap_swiftTests.swift in Sources */,
			);
			runOnlyForDeploymentPostprocessing = 0;
		};
/* End PBXSourcesBuildPhase section */

/* Begin PBXTargetDependency section */
		4B5579981AC040F300FD1C6D /* PBXTargetDependency */ = {
			isa = PBXTargetDependency;
			target = 4B5579801AC040F300FD1C6D /* GoogleMap-swift */;
			targetProxy = 4B5579971AC040F300FD1C6D /* PBXContainerItemProxy */;
		};
/* End PBXTargetDependency section */

/* Begin PBXVariantGroup section */
		4B55798A1AC040F300FD1C6D /* Main.storyboard */ = {
			isa = PBXVariantGroup;
			children = (
				4B55798B1AC040F300FD1C6D /* Base */,
			);
			name = Main.storyboard;
			sourceTree = "<group>";
		};
		4B55798F1AC040F300FD1C6D /* LaunchScreen.xib */ = {
			isa = PBXVariantGroup;
			children = (
				4B5579901AC040F300FD1C6D /* Base */,
			);
			name = LaunchScreen.xib;
			sourceTree = "<group>";
		};
/* End PBXVariantGroup section */

/* Begin XCBuildConfiguration section */
		4B55799E1AC040F300FD1C6D /* Debug */ = {
			isa = XCBuildConfiguration;
			buildSettings = {
				ALWAYS_SEARCH_USER_PATHS = NO;
				CLANG_CXX_LANGUAGE_STANDARD = "gnu++0x";
				CLANG_CXX_LIBRARY = "libc++";
				CLANG_ENABLE_MODULES = YES;
				CLANG_ENABLE_OBJC_ARC = YES;
				CLANG_WARN_BOOL_CONVERSION = YES;
				CLANG_WARN_CONSTANT_CONVERSION = YES;
				CLANG_WARN_DIRECT_OBJC_ISA_USAGE = YES_ERROR;
				CLANG_WARN_EMPTY_BODY = YES;
				CLANG_WARN_ENUM_CONVERSION = YES;
				CLANG_WARN_INT_CONVERSION = YES;
				CLANG_WARN_OBJC_ROOT_CLASS = YES_ERROR;
				CLANG_WARN_UNREACHABLE_CODE = YES;
				CLANG_WARN__DUPLICATE_METHOD_MATCH = YES;
				"CODE_SIGN_IDENTITY[sdk=iphoneos*]" = "iPhone Developer";
				COPY_PHASE_STRIP = NO;
				ENABLE_STRICT_OBJC_MSGSEND = YES;
				GCC_C_LANGUAGE_STANDARD = gnu99;
				GCC_DYNAMIC_NO_PIC = NO;
				GCC_OPTIMIZATION_LEVEL = 0;
				GCC_PREPROCESSOR_DEFINITIONS = (
					"DEBUG=1",
					"$(inherited)",
				);
				GCC_SYMBOLS_PRIVATE_EXTERN = NO;
				GCC_WARN_64_TO_32_BIT_CONVERSION = YES;
				GCC_WARN_ABOUT_RETURN_TYPE = YES_ERROR;
				GCC_WARN_UNDECLARED_SELECTOR = YES;
				GCC_WARN_UNINITIALIZED_AUTOS = YES_AGGRESSIVE;
				GCC_WARN_UNUSED_FUNCTION = YES;
				GCC_WARN_UNUSED_VARIABLE = YES;
				IPHONEOS_DEPLOYMENT_TARGET = 8.2;
				MTL_ENABLE_DEBUG_INFO = YES;
				ONLY_ACTIVE_ARCH = YES;
				SDKROOT = iphoneos;
				SWIFT_OPTIMIZATION_LEVEL = "-Onone";
			};
			name = Debug;
		};
		4B55799F1AC040F300FD1C6D /* Release */ = {
			isa = XCBuildConfiguration;
			buildSettings = {
				ALWAYS_SEARCH_USER_PATHS = NO;
				CLANG_CXX_LANGUAGE_STANDARD = "gnu++0x";
				CLANG_CXX_LIBRARY = "libc++";
				CLANG_ENABLE_MODULES = YES;
				CLANG_ENABLE_OBJC_ARC = YES;
				CLANG_WARN_BOOL_CONVERSION = YES;
				CLANG_WARN_CONSTANT_CONVERSION = YES;
				CLANG_WARN_DIRECT_OBJC_ISA_USAGE = YES_ERROR;
				CLANG_WARN_EMPTY_BODY = YES;
				CLANG_WARN_ENUM_CONVERSION = YES;
				CLANG_WARN_INT_CONVERSION = YES;
				CLANG_WARN_OBJC_ROOT_CLASS = YES_ERROR;
				CLANG_WARN_UNREACHABLE_CODE = YES;
				CLANG_WARN__DUPLICATE_METHOD_MATCH = YES;
				"CODE_SIGN_IDENTITY[sdk=iphoneos*]" = "iPhone Developer";
				COPY_PHASE_STRIP = NO;
				ENABLE_NS_ASSERTIONS = NO;
				ENABLE_STRICT_OBJC_MSGSEND = YES;
				GCC_C_LANGUAGE_STANDARD = gnu99;
				GCC_WARN_64_TO_32_BIT_CONVERSION = YES;
				GCC_WARN_ABOUT_RETURN_TYPE = YES_ERROR;
				GCC_WARN_UNDECLARED_SELECTOR = YES;
				GCC_WARN_UNINITIALIZED_AUTOS = YES_AGGRESSIVE;
				GCC_WARN_UNUSED_FUNCTION = YES;
				GCC_WARN_UNUSED_VARIABLE = YES;
				IPHONEOS_DEPLOYMENT_TARGET = 8.2;
				MTL_ENABLE_DEBUG_INFO = NO;
				SDKROOT = iphoneos;
				VALIDATE_PRODUCT = YES;
			};
			name = Release;
		};
		4B5579A11AC040F300FD1C6D /* Debug */ = {
			isa = XCBuildConfiguration;
			buildSettings = {
				ASSETCATALOG_COMPILER_APPICON_NAME = AppIcon;
				INFOPLIST_FILE = "GoogleMap-swift/Info.plist";
				LD_RUNPATH_SEARCH_PATHS = "$(inherited) @executable_path/Frameworks";
				PRODUCT_NAME = "$(TARGET_NAME)";
			};
			name = Debug;
		};
		4B5579A21AC040F300FD1C6D /* Release */ = {
			isa = XCBuildConfiguration;
			buildSettings = {
				ASSETCATALOG_COMPILER_APPICON_NAME = AppIcon;
				INFOPLIST_FILE = "GoogleMap-swift/Info.plist";
				LD_RUNPATH_SEARCH_PATHS = "$(inherited) @executable_path/Frameworks";
				PRODUCT_NAME = "$(TARGET_NAME)";
			};
			name = Release;
		};
		4B5579A41AC040F300FD1C6D /* Debug */ = {
			isa = XCBuildConfiguration;
			buildSettings = {
				BUNDLE_LOADER = "$(TEST_HOST)";
				FRAMEWORK_SEARCH_PATHS = (
					"$(SDKROOT)/Developer/Library/Frameworks",
					"$(inherited)",
				);
				GCC_PREPROCESSOR_DEFINITIONS = (
					"DEBUG=1",
					"$(inherited)",
				);
				INFOPLIST_FILE = "GoogleMap-swiftTests/Info.plist";
				LD_RUNPATH_SEARCH_PATHS = "$(inherited) @executable_path/Frameworks @loader_path/Frameworks";
				PRODUCT_NAME = "$(TARGET_NAME)";
				TEST_HOST = "$(BUILT_PRODUCTS_DIR)/GoogleMap-swift.app/GoogleMap-swift";
			};
			name = Debug;
		};
		4B5579A51AC040F300FD1C6D /* Release */ = {
			isa = XCBuildConfiguration;
			buildSettings = {
				BUNDLE_LOADER = "$(TEST_HOST)";
				FRAMEWORK_SEARCH_PATHS = (
					"$(SDKROOT)/Developer/Library/Frameworks",
					"$(inherited)",
				);
				INFOPLIST_FILE = "GoogleMap-swiftTests/Info.plist";
				LD_RUNPATH_SEARCH_PATHS = "$(inherited) @executable_path/Frameworks @loader_path/Frameworks";
				PRODUCT_NAME = "$(TARGET_NAME)";
				TEST_HOST = "$(BUILT_PRODUCTS_DIR)/GoogleMap-swift.app/GoogleMap-swift";
			};
			name = Release;
		};
/* End XCBuildConfiguration section */

/* Begin XCConfigurationList section */
		4B55797C1AC040F300FD1C6D /* Build configuration list for PBXProject "GoogleMap-swift" */ = {
			isa = XCConfigurationList;
			buildConfigurations = (
				4B55799E1AC040F300FD1C6D /* Debug */,
				4B55799F1AC040F300FD1C6D /* Release */,
			);
			defaultConfigurationIsVisible = 0;
			defaultConfigurationName = Release;
		};
		4B5579A01AC040F300FD1C6D /* Build configuration list for PBXNativeTarget "GoogleMap-swift" */ = {
			isa = XCConfigurationList;
			buildConfigurations = (
				4B5579A11AC040F300FD1C6D /* Debug */,
				4B5579A21AC040F300FD1C6D /* Release */,
			);
			defaultConfigurationIsVisible = 0;
		};
		4B5579A31AC040F300FD1C6D /* Build configuration list for PBXNativeTarget "GoogleMap-swiftTests" */ = {
			isa = XCConfigurationList;
			buildConfigurations = (
				4B5579A41AC040F300FD1C6D /* Debug */,
				4B5579A51AC040F300FD1C6D /* Release */,
			);
			defaultConfigurationIsVisible = 0;
		};
/* End XCConfigurationList section */
	};
	rootObject = 4B5579791AC040F300FD1C6D /* Project object */;
}
